PODS:
  - ChameleonFramework (2.1.0):
    - ChameleonFramework/Default (= 2.1.0)
  - ChameleonFramework/Default (2.1.0)
  - Realm (3.7.6):
    - Realm/Headers (= 3.7.6)
  - Realm/Headers (3.7.6)
  - RealmSwift (3.7.6):
    - Realm (= 3.7.6)
  - SwipeCellKit (2.5.0)

DEPENDENCIES:
  - ChameleonFramework
  - RealmSwift
  - SwipeCellKit (from `https://github.com/SwipeCellKit/SwipeCellKit.git`, branch `develop`)

SPEC REPOS:
  https://github.com/cocoapods/specs.git:
    - ChameleonFramework
    - Realm
    - RealmSwift

EXTERNAL SOURCES:
  SwipeCellKit:
    :branch: develop
    :git: https://github.com/SwipeCellKit/SwipeCellKit.git

CHECKOUT OPTIONS:
  SwipeCellKit:
    :commit: 9c69084b9b331c3c9f4767add20afe72112adee8
    :git: https://github.com/SwipeCellKit/SwipeCellKit.git

SPEC CHECKSUMS:
  ChameleonFramework: d21a3cc247abfe5e37609a283a8238b03575cf64
  Realm: 9eaecad54712d6246d08ba34c10f354e4715d7d3
  RealmSwift: 1fe08b4ebaeeaacf17f9ba0343f7b25c9fc31fa6
  SwipeCellKit: d8f2617538ce3021cb0a11d1b93856a06a2f2e20

PODFILE CHECKSUM: f7555af7ca580d942b41aa1dac85c8ef83a26f70

COCOAPODS: 1.5.3
